
Microsoft Visual Studio Solution File, Format Version 12.00
# Visual Studio Version 17
VisualStudioVersion = 17.14.36408.4 d17.14
MinimumVisualStudioVersion = 10.0.40219.1
Project("{FAE04EC0-301F-11D3-BF4B-00C04F79EFBC}") = "MauiApp_Launcher", "MauiApp_Launcher.csproj", "{A7FB7B14-03E4-4E07-936C-2832E96B26E6}"
EndProject
Global
	GlobalSection(SolutionConfigurationPlatforms) = preSolution
		Debug|Any CPU = Debug|Any CPU
		Release|Any CPU = Release|Any CPU
	EndGlobalSection
	GlobalSection(ProjectConfigurationPlatforms) = postSolution
		{A7FB7B14-03E4-4E07-936C-2832E96B26E6}.Debug|Any CPU.ActiveCfg = Debug|Any CPU
		{A7FB7B14-03E4-4E07-936C-2832E96B26E6}.Debug|Any CPU.Build.0 = Debug|Any CPU
		{A7FB7B14-03E4-4E07-936C-2832E96B26E6}.Release|Any CPU.ActiveCfg = Release|Any CPU
		{A7FB7B14-03E4-4E07-936C-2832E96B26E6}.Release|Any CPU.Build.0 = Release|Any CPU
	EndGlobalSection
	GlobalSection(SolutionProperties) = preSolution
		HideSolutionNode = FALSE
	EndGlobalSection
	GlobalSection(ExtensibilityGlobals) = postSolution
		SolutionGuid = {135DEA2C-BE2A-4E6B-AE54-AA6244D7CD10}
	EndGlobalSection
EndGlobal
